
Microsoft Visual Studio Solution File, Format Version 12.00
# Visual Studio Version 16
VisualStudioVersion = 16.0.30011.22
MinimumVisualStudioVersion = 10.0.40219.1
Project("{FAE04EC0-301F-11D3-BF4B-00C04F79EFBC}") = "SoloKee", "solokee-hmac-auth\SoloKee.csproj", "{4C7EDE0C-A0D7-4347-A1FF-3862A4DE8B38}"
EndProject
Project("{FAE04EC0-301F-11D3-BF4B-00C04F79EFBC}") = "SoloKeeTest", "SoloKeeTest\SoloKeeTest.csproj", "{268D8714-B4E6-4F90-A994-2F31B9B953EF}"
	ProjectSection(ProjectDependencies) = postProject
		{4C7EDE0C-A0D7-4347-A1FF-3862A4DE8B38} = {4C7EDE0C-A0D7-4347-A1FF-3862A4DE8B38}
	EndProjectSection
EndProject
Project("{9A19103F-16F7-4668-BE54-9A1E7A4F7556}") = "SoloKeyApp", "SoloKeyApp\SoloKeyApp.csproj", "{66B7C8EE-D038-4BBE-A5DF-965D2F59CD24}"
EndProject
Project("{FAE04EC0-301F-11D3-BF4B-00C04F79EFBC}") = "OtpKeyProv", "OtpKeyProv\OtpKeyProv.csproj", "{2BAE632A-E649-43BA-94B4-3C8CC66CECA9}"
EndProject
Global
	GlobalSection(SolutionConfigurationPlatforms) = preSolution
		Debug|Any CPU = Debug|Any CPU
		Release|Any CPU = Release|Any CPU
	EndGlobalSection
	GlobalSection(ProjectConfigurationPlatforms) = postSolution
		{4C7EDE0C-A0D7-4347-A1FF-3862A4DE8B38}.Debug|Any CPU.ActiveCfg = Debug|Any CPU
		{4C7EDE0C-A0D7-4347-A1FF-3862A4DE8B38}.Debug|Any CPU.Build.0 = Debug|Any CPU
		{4C7EDE0C-A0D7-4347-A1FF-3862A4DE8B38}.Release|Any CPU.ActiveCfg = Release|Any CPU
		{4C7EDE0C-A0D7-4347-A1FF-3862A4DE8B38}.Release|Any CPU.Build.0 = Release|Any CPU
		{268D8714-B4E6-4F90-A994-2F31B9B953EF}.Debug|Any CPU.ActiveCfg = Debug|Any CPU
		{268D8714-B4E6-4F90-A994-2F31B9B953EF}.Debug|Any CPU.Build.0 = Debug|Any CPU
		{268D8714-B4E6-4F90-A994-2F31B9B953EF}.Release|Any CPU.ActiveCfg = Release|Any CPU
		{268D8714-B4E6-4F90-A994-2F31B9B953EF}.Release|Any CPU.Build.0 = Release|Any CPU
		{66B7C8EE-D038-4BBE-A5DF-965D2F59CD24}.Debug|Any CPU.ActiveCfg = Debug|Any CPU
		{66B7C8EE-D038-4BBE-A5DF-965D2F59CD24}.Debug|Any CPU.Build.0 = Debug|Any CPU
		{66B7C8EE-D038-4BBE-A5DF-965D2F59CD24}.Release|Any CPU.ActiveCfg = Release|Any CPU
		{66B7C8EE-D038-4BBE-A5DF-965D2F59CD24}.Release|Any CPU.Build.0 = Release|Any CPU
		{2BAE632A-E649-43BA-94B4-3C8CC66CECA9}.Debug|Any CPU.ActiveCfg = Debug|Any CPU
		{2BAE632A-E649-43BA-94B4-3C8CC66CECA9}.Debug|Any CPU.Build.0 = Debug|Any CPU
		{2BAE632A-E649-43BA-94B4-3C8CC66CECA9}.Release|Any CPU.ActiveCfg = Release|Any CPU
		{2BAE632A-E649-43BA-94B4-3C8CC66CECA9}.Release|Any CPU.Build.0 = Release|Any CPU
	EndGlobalSection
	GlobalSection(SolutionProperties) = preSolution
		HideSolutionNode = FALSE
	EndGlobalSection
	GlobalSection(ExtensibilityGlobals) = postSolution
		SolutionGuid = {64A2E874-7DB7-4B70-9A01-5E87C1B791A9}
	EndGlobalSection
EndGlobal
